github.com/lukeorth/poison v0.0.0-20231018211014-0c324c824b5a h1:6+PZvdHm0+GP6ZAvpdB5/V+rCVi0xnVQPmjGXBiTO84=
github.com/lukeorth/poison v0.0.0-20231018211014-0c324c824b5a/go.mod h1:fYVpevZiA79ef8Q1DkUgg/MF53oy4mKFSFTnK+EeiO0=
github.com/lukeorth/poison v0.0.0-20231027135951-f6d134c44d7b h1:I6gdwRgsAt+k3MACJYHgO5IZGtpp9ap6cRHSSUk5lnA=
github.com/lukeorth/poison v0.0.0-20231027135951-f6d134c44d7b/go.mod h1:fYVpevZiA79ef8Q1DkUgg/MF53oy4mKFSFTnK+EeiO0=
